
Microsoft Visual Studio Solution File, Format Version 12.00
Project("{FAE04EC0-301F-11D3-BF4B-00C04F79EFBC}") = "YtGame", "src\Apps\YtGame\YtGame.csproj", "{3491259B-517E-4E6E-8556-D942BB7877F6}"
EndProject
Project("{2150E333-8FDC-42A3-9474-1A3956D46DE8}") = "Apps", "Apps", "{BF63008F-D9D1-4895-8169-CF42085504D9}"
EndProject
Project("{2150E333-8FDC-42A3-9474-1A3956D46DE8}") = "Libs", "Libs", "{39E2DA10-6F0A-4ED5-A633-4C1860148F26}"
EndProject
Project("{FAE04EC0-301F-11D3-BF4B-00C04F79EFBC}") = "Entities", "src\Libs\Entities\Entities.csproj", "{21E8150F-93D6-44E6-B021-AF96FB772A4E}"
EndProject
Project("{FAE04EC0-301F-11D3-BF4B-00C04F79EFBC}") = "Components", "src\Libs\Components\Components.csproj", "{85492C80-6AAE-44E9-BE4F-AA7815E27889}"
EndProject
Project("{FAE04EC0-301F-11D3-BF4B-00C04F79EFBC}") = "Systems", "src\Libs\Systems\Systems.csproj", "{5077FED4-ED0B-4368-A7E2-C79BA0C95A14}"
EndProject
Project("{FAE04EC0-301F-11D3-BF4B-00C04F79EFBC}") = "Implementations", "src\Libs\Implementations\Implementations.csproj", "{83C12B03-C783-46DA-AABB-FFF2F3194587}"
EndProject
Global
	GlobalSection(SolutionConfigurationPlatforms) = preSolution
		Debug|Any CPU = Debug|Any CPU
		Release|Any CPU = Release|Any CPU
	EndGlobalSection
	GlobalSection(ProjectConfigurationPlatforms) = postSolution
		{3491259B-517E-4E6E-8556-D942BB7877F6}.Debug|Any CPU.ActiveCfg = Debug|Any CPU
		{3491259B-517E-4E6E-8556-D942BB7877F6}.Debug|Any CPU.Build.0 = Debug|Any CPU
		{3491259B-517E-4E6E-8556-D942BB7877F6}.Release|Any CPU.ActiveCfg = Release|Any CPU
		{3491259B-517E-4E6E-8556-D942BB7877F6}.Release|Any CPU.Build.0 = Release|Any CPU
		{21E8150F-93D6-44E6-B021-AF96FB772A4E}.Debug|Any CPU.ActiveCfg = Debug|Any CPU
		{21E8150F-93D6-44E6-B021-AF96FB772A4E}.Debug|Any CPU.Build.0 = Debug|Any CPU
		{21E8150F-93D6-44E6-B021-AF96FB772A4E}.Release|Any CPU.ActiveCfg = Release|Any CPU
		{21E8150F-93D6-44E6-B021-AF96FB772A4E}.Release|Any CPU.Build.0 = Release|Any CPU
		{85492C80-6AAE-44E9-BE4F-AA7815E27889}.Debug|Any CPU.ActiveCfg = Debug|Any CPU
		{85492C80-6AAE-44E9-BE4F-AA7815E27889}.Debug|Any CPU.Build.0 = Debug|Any CPU
		{85492C80-6AAE-44E9-BE4F-AA7815E27889}.Release|Any CPU.ActiveCfg = Release|Any CPU
		{85492C80-6AAE-44E9-BE4F-AA7815E27889}.Release|Any CPU.Build.0 = Release|Any CPU
		{5077FED4-ED0B-4368-A7E2-C79BA0C95A14}.Debug|Any CPU.ActiveCfg = Debug|Any CPU
		{5077FED4-ED0B-4368-A7E2-C79BA0C95A14}.Debug|Any CPU.Build.0 = Debug|Any CPU
		{5077FED4-ED0B-4368-A7E2-C79BA0C95A14}.Release|Any CPU.ActiveCfg = Release|Any CPU
		{5077FED4-ED0B-4368-A7E2-C79BA0C95A14}.Release|Any CPU.Build.0 = Release|Any CPU
		{83C12B03-C783-46DA-AABB-FFF2F3194587}.Debug|Any CPU.ActiveCfg = Debug|Any CPU
		{83C12B03-C783-46DA-AABB-FFF2F3194587}.Debug|Any CPU.Build.0 = Debug|Any CPU
		{83C12B03-C783-46DA-AABB-FFF2F3194587}.Release|Any CPU.ActiveCfg = Release|Any CPU
		{83C12B03-C783-46DA-AABB-FFF2F3194587}.Release|Any CPU.Build.0 = Release|Any CPU
	EndGlobalSection
	GlobalSection(NestedProjects) = preSolution
		{3491259B-517E-4E6E-8556-D942BB7877F6} = {BF63008F-D9D1-4895-8169-CF42085504D9}
		{21E8150F-93D6-44E6-B021-AF96FB772A4E} = {39E2DA10-6F0A-4ED5-A633-4C1860148F26}
		{85492C80-6AAE-44E9-BE4F-AA7815E27889} = {39E2DA10-6F0A-4ED5-A633-4C1860148F26}
		{5077FED4-ED0B-4368-A7E2-C79BA0C95A14} = {39E2DA10-6F0A-4ED5-A633-4C1860148F26}
		{83C12B03-C783-46DA-AABB-FFF2F3194587} = {39E2DA10-6F0A-4ED5-A633-4C1860148F26}
	EndGlobalSection
EndGlobal
